
Microsoft Visual Studio Solution File, Format Version 12.00
# Visual Studio 15
Project("{FAE04EC0-301F-11D3-BF4B-00C04F79EFBC}") = "Application.Users", "Application.Users\Application.Users.csproj", "{EF9D13C8-BAE0-4F4E-BC3A-BA7DBBB88987}"
EndProject
Project("{FAE04EC0-301F-11D3-BF4B-00C04F79EFBC}") = "Application.Gateway", "Application.Gateway\Application.Gateway.csproj", "{D1F91F0C-097E-4DC4-ACBF-EDA7EC85970F}"
EndProject
Project("{FAE04EC0-301F-11D3-BF4B-00C04F79EFBC}") = "Application.Posts", "Application.Posts\Application.Posts.csproj", "{3794D6AE-5140-4E45-917E-062650E69F66}"
EndProject
Project("{2150E333-8FDC-42A3-9474-1A3956D46DE8}") = "Solution Items", "Solution Items", "{B2A89DFC-D174-45E9-8DEB-6B3556083953}"
	ProjectSection(SolutionItems) = preProject
		createMigration.sh = createMigration.sh
		applyMigration.sh = applyMigration.sh
		README.md = README.md
	EndProjectSection
EndProject
Global
	GlobalSection(SolutionConfigurationPlatforms) = preSolution
		Debug|Any CPU = Debug|Any CPU
		Release|Any CPU = Release|Any CPU
	EndGlobalSection
	GlobalSection(ProjectConfigurationPlatforms) = postSolution
		{EF9D13C8-BAE0-4F4E-BC3A-BA7DBBB88987}.Debug|Any CPU.ActiveCfg = Debug|Any CPU
		{EF9D13C8-BAE0-4F4E-BC3A-BA7DBBB88987}.Debug|Any CPU.Build.0 = Debug|Any CPU
		{EF9D13C8-BAE0-4F4E-BC3A-BA7DBBB88987}.Release|Any CPU.ActiveCfg = Release|Any CPU
		{EF9D13C8-BAE0-4F4E-BC3A-BA7DBBB88987}.Release|Any CPU.Build.0 = Release|Any CPU
		{D1F91F0C-097E-4DC4-ACBF-EDA7EC85970F}.Debug|Any CPU.ActiveCfg = Debug|Any CPU
		{D1F91F0C-097E-4DC4-ACBF-EDA7EC85970F}.Debug|Any CPU.Build.0 = Debug|Any CPU
		{D1F91F0C-097E-4DC4-ACBF-EDA7EC85970F}.Release|Any CPU.ActiveCfg = Release|Any CPU
		{D1F91F0C-097E-4DC4-ACBF-EDA7EC85970F}.Release|Any CPU.Build.0 = Release|Any CPU
		{3794D6AE-5140-4E45-917E-062650E69F66}.Debug|Any CPU.ActiveCfg = Debug|Any CPU
		{3794D6AE-5140-4E45-917E-062650E69F66}.Debug|Any CPU.Build.0 = Debug|Any CPU
		{3794D6AE-5140-4E45-917E-062650E69F66}.Release|Any CPU.ActiveCfg = Release|Any CPU
		{3794D6AE-5140-4E45-917E-062650E69F66}.Release|Any CPU.Build.0 = Release|Any CPU
	EndGlobalSection
EndGlobal
